
Microsoft Visual Studio Solution File, Format Version 11.00
# Visual Studio 2010
Project("{2150E333-8FDC-42A3-9474-1A3956D46DE8}") = "Core", "Core", "{E270F1DD-A1CB-45D7-9AB3-3F250DE22509}"
EndProject
Project("{FAE04EC0-301F-11D3-BF4B-00C04F79EFBC}") = "StorEvil.Core", "Core\StorEvil\StorEvil.Core.csproj", "{B86235CA-045F-4222-997C-A65E966C6F9B}"
EndProject
Project("{FAE04EC0-301F-11D3-BF4B-00C04F79EFBC}") = "Pizza", "Examples\Pizza\Pizza.csproj", "{436259FA-036B-466E-A670-F91507C34D0A}"
EndProject
Project("{FAE04EC0-301F-11D3-BF4B-00C04F79EFBC}") = "ConwaysLife", "Examples\ConwaysLife\ConwaysLife.csproj", "{2CE31BAB-0046-43E0-B58E-585FF8646EF7}"
EndProject
Project("{FAE04EC0-301F-11D3-BF4B-00C04F79EFBC}") = "StorEvil.Assertions", "Core\StorEvil.Assertions\StorEvil.Assertions.csproj", "{92312C44-8881-41DD-8075-1284740FFF9F}"
EndProject
Project("{FAE04EC0-301F-11D3-BF4B-00C04F79EFBC}") = "Bowling", "Examples\Bowling\Bowling.csproj", "{43C70F9D-3747-43E3-A76B-8A8A0C2F15CC}"
EndProject
Project("{FAE04EC0-301F-11D3-BF4B-00C04F79EFBC}") = "TicTacToe", "Examples\TicTacToe\TicTacToe.csproj", "{FA4A5350-AA62-4C2D-8DE4-200B2FF2D15F}"
EndProject
Project("{FAE04EC0-301F-11D3-BF4B-00C04F79EFBC}") = "Tutorial", "Examples\Tutorial\Tutorial.csproj", "{12DB6FE1-9BB4-4538-9F7B-C3113465BB64}"
EndProject
Project("{FAE04EC0-301F-11D3-BF4B-00C04F79EFBC}") = "StorEvil.CustomTool", "Tools\StorEvil.CustomTool\StorEvil.CustomTool.csproj", "{2071CFD6-C0A6-4305-86B0-178B8F5F9902}"
EndProject
Project("{FAE04EC0-301F-11D3-BF4B-00C04F79EFBC}") = "StorEvil.TeamCity", "Tools\StorEvil.TeamCity\StorEvil.TeamCity.csproj", "{E2C420AC-F5AC-4AC2-AA31-B498F040EDB9}"
EndProject
Project("{FAE04EC0-301F-11D3-BF4B-00C04F79EFBC}") = "StorEvil", "Core\StorEvil.Console\StorEvil.csproj", "{FBFE96FF-9D88-48DB-80F2-C79840BFDFA2}"
EndProject
Global
	GlobalSection(SolutionConfigurationPlatforms) = preSolution
		Debug|Any CPU = Debug|Any CPU
		Release|Any CPU = Release|Any CPU
	EndGlobalSection
	GlobalSection(ProjectConfigurationPlatforms) = postSolution
		{B86235CA-045F-4222-997C-A65E966C6F9B}.Debug|Any CPU.ActiveCfg = Debug|Any CPU
		{B86235CA-045F-4222-997C-A65E966C6F9B}.Debug|Any CPU.Build.0 = Debug|Any CPU
		{B86235CA-045F-4222-997C-A65E966C6F9B}.Release|Any CPU.ActiveCfg = Release|Any CPU
		{B86235CA-045F-4222-997C-A65E966C6F9B}.Release|Any CPU.Build.0 = Release|Any CPU
		{436259FA-036B-466E-A670-F91507C34D0A}.Debug|Any CPU.ActiveCfg = Debug|Any CPU
		{436259FA-036B-466E-A670-F91507C34D0A}.Debug|Any CPU.Build.0 = Debug|Any CPU
		{436259FA-036B-466E-A670-F91507C34D0A}.Release|Any CPU.ActiveCfg = Release|Any CPU
		{436259FA-036B-466E-A670-F91507C34D0A}.Release|Any CPU.Build.0 = Release|Any CPU
		{2CE31BAB-0046-43E0-B58E-585FF8646EF7}.Debug|Any CPU.ActiveCfg = Debug|Any CPU
		{2CE31BAB-0046-43E0-B58E-585FF8646EF7}.Debug|Any CPU.Build.0 = Debug|Any CPU
		{2CE31BAB-0046-43E0-B58E-585FF8646EF7}.Release|Any CPU.ActiveCfg = Release|Any CPU
		{2CE31BAB-0046-43E0-B58E-585FF8646EF7}.Release|Any CPU.Build.0 = Release|Any CPU
		{92312C44-8881-41DD-8075-1284740FFF9F}.Debug|Any CPU.ActiveCfg = Debug|Any CPU
		{92312C44-8881-41DD-8075-1284740FFF9F}.Debug|Any CPU.Build.0 = Debug|Any CPU
		{92312C44-8881-41DD-8075-1284740FFF9F}.Release|Any CPU.ActiveCfg = Release|Any CPU
		{92312C44-8881-41DD-8075-1284740FFF9F}.Release|Any CPU.Build.0 = Release|Any CPU
		{43C70F9D-3747-43E3-A76B-8A8A0C2F15CC}.Debug|Any CPU.ActiveCfg = Debug|Any CPU
		{43C70F9D-3747-43E3-A76B-8A8A0C2F15CC}.Debug|Any CPU.Build.0 = Debug|Any CPU
		{43C70F9D-3747-43E3-A76B-8A8A0C2F15CC}.Release|Any CPU.ActiveCfg = Release|Any CPU
		{43C70F9D-3747-43E3-A76B-8A8A0C2F15CC}.Release|Any CPU.Build.0 = Release|Any CPU
		{FA4A5350-AA62-4C2D-8DE4-200B2FF2D15F}.Debug|Any CPU.ActiveCfg = Debug|Any CPU
		{FA4A5350-AA62-4C2D-8DE4-200B2FF2D15F}.Debug|Any CPU.Build.0 = Debug|Any CPU
		{FA4A5350-AA62-4C2D-8DE4-200B2FF2D15F}.Release|Any CPU.ActiveCfg = Release|Any CPU
		{FA4A5350-AA62-4C2D-8DE4-200B2FF2D15F}.Release|Any CPU.Build.0 = Release|Any CPU
		{12DB6FE1-9BB4-4538-9F7B-C3113465BB64}.Debug|Any CPU.ActiveCfg = Debug|Any CPU
		{12DB6FE1-9BB4-4538-9F7B-C3113465BB64}.Debug|Any CPU.Build.0 = Debug|Any CPU
		{12DB6FE1-9BB4-4538-9F7B-C3113465BB64}.Release|Any CPU.ActiveCfg = Release|Any CPU
		{12DB6FE1-9BB4-4538-9F7B-C3113465BB64}.Release|Any CPU.Build.0 = Release|Any CPU
		{2071CFD6-C0A6-4305-86B0-178B8F5F9902}.Debug|Any CPU.ActiveCfg = Debug|Any CPU
		{2071CFD6-C0A6-4305-86B0-178B8F5F9902}.Debug|Any CPU.Build.0 = Debug|Any CPU
		{2071CFD6-C0A6-4305-86B0-178B8F5F9902}.Release|Any CPU.ActiveCfg = Release|Any CPU
		{2071CFD6-C0A6-4305-86B0-178B8F5F9902}.Release|Any CPU.Build.0 = Release|Any CPU
		{E2C420AC-F5AC-4AC2-AA31-B498F040EDB9}.Debug|Any CPU.ActiveCfg = Debug|Any CPU
		{E2C420AC-F5AC-4AC2-AA31-B498F040EDB9}.Debug|Any CPU.Build.0 = Debug|Any CPU
		{E2C420AC-F5AC-4AC2-AA31-B498F040EDB9}.Release|Any CPU.ActiveCfg = Release|Any CPU
		{E2C420AC-F5AC-4AC2-AA31-B498F040EDB9}.Release|Any CPU.Build.0 = Release|Any CPU
		{FBFE96FF-9D88-48DB-80F2-C79840BFDFA2}.Debug|Any CPU.ActiveCfg = Debug|Any CPU
		{FBFE96FF-9D88-48DB-80F2-C79840BFDFA2}.Debug|Any CPU.Build.0 = Debug|Any CPU
		{FBFE96FF-9D88-48DB-80F2-C79840BFDFA2}.Release|Any CPU.ActiveCfg = Release|Any CPU
		{FBFE96FF-9D88-48DB-80F2-C79840BFDFA2}.Release|Any CPU.Build.0 = Release|Any CPU
	EndGlobalSection
	GlobalSection(SolutionProperties) = preSolution
		HideSolutionNode = FALSE
	EndGlobalSection
	GlobalSection(NestedProjects) = preSolution
		{B86235CA-045F-4222-997C-A65E966C6F9B} = {E270F1DD-A1CB-45D7-9AB3-3F250DE22509}
		{92312C44-8881-41DD-8075-1284740FFF9F} = {E270F1DD-A1CB-45D7-9AB3-3F250DE22509}
		{2071CFD6-C0A6-4305-86B0-178B8F5F9902} = {E270F1DD-A1CB-45D7-9AB3-3F250DE22509}
		{FBFE96FF-9D88-48DB-80F2-C79840BFDFA2} = {E270F1DD-A1CB-45D7-9AB3-3F250DE22509}
		{E2C420AC-F5AC-4AC2-AA31-B498F040EDB9} = {E270F1DD-A1CB-45D7-9AB3-3F250DE22509}
	EndGlobalSection
EndGlobal
