
Microsoft Visual Studio Solution File, Format Version 11.00
# Visual Studio 2010
Project("{2150E333-8FDC-42A3-9474-1A3956D46DE8}") = "Core", "Core", "{806BC5DE-65B6-4202-8B64-28D4137EAA60}"
EndProject
Project("{2150E333-8FDC-42A3-9474-1A3956D46DE8}") = "Tests", "Tests", "{963A6FE4-67D6-484D-AC34-A58F8ACD1265}"
EndProject
Project("{2150E333-8FDC-42A3-9474-1A3956D46DE8}") = "Misc", "Misc", "{5E256EA4-5E05-4735-9937-2B8B1A8DC6AF}"
	ProjectSection(SolutionItems) = preProject
		.gitignore = .gitignore
		default.build = default.build
		InstallationInstructions.txt = InstallationInstructions.txt
		LICENSE.txt = LICENSE.txt
		ReadMe.markdown = ReadMe.markdown
		ReleaseNotes.txt = ReleaseNotes.txt
		ToDo.txt = ToDo.txt
	EndProjectSection
EndProject
Project("{2150E333-8FDC-42A3-9474-1A3956D46DE8}") = "Examples", "Examples", "{51EF7085-D82F-45FE-81EC-C604BFC5BB17}"
EndProject
Project("{2150E333-8FDC-42A3-9474-1A3956D46DE8}") = "Build", "Build", "{EE6099F0-03E3-46B9-8F11-13891AEC23CB}"
EndProject
Project("{FAE04EC0-301F-11D3-BF4B-00C04F79EFBC}") = "StorEvil.Core", "Core\StorEvil\StorEvil.Core.csproj", "{B86235CA-045F-4222-997C-A65E966C6F9B}"
EndProject
Project("{FAE04EC0-301F-11D3-BF4B-00C04F79EFBC}") = "StorEvil.Tests", "Tests\StorEvil.Tests\StorEvil.Tests.csproj", "{43A7C61E-DD5B-4CC9-A05A-02C00789028F}"
EndProject
Project("{FAE04EC0-301F-11D3-BF4B-00C04F79EFBC}") = "StorEvil", "Core\StorEvil.Console\StorEvil.csproj", "{FBFE96FF-9D88-48DB-80F2-C79840BFDFA2}"
EndProject
Project("{FAE04EC0-301F-11D3-BF4B-00C04F79EFBC}") = "ConwaysLife", "Examples\ConwaysLife\ConwaysLife.csproj", "{2CE31BAB-0046-43E0-B58E-585FF8646EF7}"
EndProject
Project("{FAE04EC0-301F-11D3-BF4B-00C04F79EFBC}") = "Pizza", "Examples\Pizza\Pizza.csproj", "{436259FA-036B-466E-A670-F91507C34D0A}"
EndProject
Project("{FAE04EC0-301F-11D3-BF4B-00C04F79EFBC}") = "Bowling", "Examples\Bowling\Bowling.csproj", "{43C70F9D-3747-43E3-A76B-8A8A0C2F15CC}"
EndProject
Project("{FAE04EC0-301F-11D3-BF4B-00C04F79EFBC}") = "StorEvil.Assertions", "Core\StorEvil.Assertions\StorEvil.Assertions.csproj", "{92312C44-8881-41DD-8075-1284740FFF9F}"
EndProject
Project("{FAE04EC0-301F-11D3-BF4B-00C04F79EFBC}") = "TicTacToe", "Examples\TicTacToe\TicTacToe.csproj", "{FA4A5350-AA62-4C2D-8DE4-200B2FF2D15F}"
EndProject
Project("{FAE04EC0-301F-11D3-BF4B-00C04F79EFBC}") = "Tutorial", "Examples\Tutorial\Tutorial.csproj", "{12DB6FE1-9BB4-4538-9F7B-C3113465BB64}"
EndProject
Project("{FAE04EC0-301F-11D3-BF4B-00C04F79EFBC}") = "Tutorial.NUnit", "Examples\Tutorial.NUnit\Tutorial.NUnit.csproj", "{7513C08A-D12A-43C1-B5C0-EBC1B1A9FDB5}"
EndProject
Project("{FAE04EC0-301F-11D3-BF4B-00C04F79EFBC}") = "StorEvil.Resharper", "Core\StorEvil.Resharper\StorEvil.Resharper.csproj", "{F6BDC77F-FB15-46A2-89B9-9E66E89DE62D}"
EndProject
Project("{FAE04EC0-301F-11D3-BF4B-00C04F79EFBC}") = "StorEvil.MsBuild", "Build\StorEvil.MsBuild\StorEvil.MsBuild.csproj", "{D0F1AFA9-AC1C-45A3-98D0-BF79866E9DCF}"
EndProject
Global
	GlobalSection(SolutionConfigurationPlatforms) = preSolution
		Debug|Any CPU = Debug|Any CPU
		Release|Any CPU = Release|Any CPU
	EndGlobalSection
	GlobalSection(ProjectConfigurationPlatforms) = postSolution
		{B86235CA-045F-4222-997C-A65E966C6F9B}.Debug|Any CPU.ActiveCfg = Debug|Any CPU
		{B86235CA-045F-4222-997C-A65E966C6F9B}.Debug|Any CPU.Build.0 = Debug|Any CPU
		{B86235CA-045F-4222-997C-A65E966C6F9B}.Release|Any CPU.ActiveCfg = Release|Any CPU
		{B86235CA-045F-4222-997C-A65E966C6F9B}.Release|Any CPU.Build.0 = Release|Any CPU
		{43A7C61E-DD5B-4CC9-A05A-02C00789028F}.Debug|Any CPU.ActiveCfg = Debug|Any CPU
		{43A7C61E-DD5B-4CC9-A05A-02C00789028F}.Debug|Any CPU.Build.0 = Debug|Any CPU
		{43A7C61E-DD5B-4CC9-A05A-02C00789028F}.Release|Any CPU.ActiveCfg = Release|Any CPU
		{43A7C61E-DD5B-4CC9-A05A-02C00789028F}.Release|Any CPU.Build.0 = Release|Any CPU
		{FBFE96FF-9D88-48DB-80F2-C79840BFDFA2}.Debug|Any CPU.ActiveCfg = Debug|Any CPU
		{FBFE96FF-9D88-48DB-80F2-C79840BFDFA2}.Debug|Any CPU.Build.0 = Debug|Any CPU
		{FBFE96FF-9D88-48DB-80F2-C79840BFDFA2}.Release|Any CPU.ActiveCfg = Release|Any CPU
		{FBFE96FF-9D88-48DB-80F2-C79840BFDFA2}.Release|Any CPU.Build.0 = Release|Any CPU
		{2CE31BAB-0046-43E0-B58E-585FF8646EF7}.Debug|Any CPU.ActiveCfg = Debug|Any CPU
		{2CE31BAB-0046-43E0-B58E-585FF8646EF7}.Debug|Any CPU.Build.0 = Debug|Any CPU
		{2CE31BAB-0046-43E0-B58E-585FF8646EF7}.Release|Any CPU.ActiveCfg = Release|Any CPU
		{2CE31BAB-0046-43E0-B58E-585FF8646EF7}.Release|Any CPU.Build.0 = Release|Any CPU
		{436259FA-036B-466E-A670-F91507C34D0A}.Debug|Any CPU.ActiveCfg = Debug|Any CPU
		{436259FA-036B-466E-A670-F91507C34D0A}.Debug|Any CPU.Build.0 = Debug|Any CPU
		{436259FA-036B-466E-A670-F91507C34D0A}.Release|Any CPU.ActiveCfg = Release|Any CPU
		{436259FA-036B-466E-A670-F91507C34D0A}.Release|Any CPU.Build.0 = Release|Any CPU
		{43C70F9D-3747-43E3-A76B-8A8A0C2F15CC}.Debug|Any CPU.ActiveCfg = Debug|Any CPU
		{43C70F9D-3747-43E3-A76B-8A8A0C2F15CC}.Debug|Any CPU.Build.0 = Debug|Any CPU
		{43C70F9D-3747-43E3-A76B-8A8A0C2F15CC}.Release|Any CPU.ActiveCfg = Release|Any CPU
		{43C70F9D-3747-43E3-A76B-8A8A0C2F15CC}.Release|Any CPU.Build.0 = Release|Any CPU
		{92312C44-8881-41DD-8075-1284740FFF9F}.Debug|Any CPU.ActiveCfg = Debug|Any CPU
		{92312C44-8881-41DD-8075-1284740FFF9F}.Debug|Any CPU.Build.0 = Debug|Any CPU
		{92312C44-8881-41DD-8075-1284740FFF9F}.Release|Any CPU.ActiveCfg = Release|Any CPU
		{92312C44-8881-41DD-8075-1284740FFF9F}.Release|Any CPU.Build.0 = Release|Any CPU
		{FA4A5350-AA62-4C2D-8DE4-200B2FF2D15F}.Debug|Any CPU.ActiveCfg = Debug|Any CPU
		{FA4A5350-AA62-4C2D-8DE4-200B2FF2D15F}.Debug|Any CPU.Build.0 = Debug|Any CPU
		{FA4A5350-AA62-4C2D-8DE4-200B2FF2D15F}.Release|Any CPU.ActiveCfg = Release|Any CPU
		{FA4A5350-AA62-4C2D-8DE4-200B2FF2D15F}.Release|Any CPU.Build.0 = Release|Any CPU
		{12DB6FE1-9BB4-4538-9F7B-C3113465BB64}.Debug|Any CPU.ActiveCfg = Debug|Any CPU
		{12DB6FE1-9BB4-4538-9F7B-C3113465BB64}.Debug|Any CPU.Build.0 = Debug|Any CPU
		{12DB6FE1-9BB4-4538-9F7B-C3113465BB64}.Release|Any CPU.ActiveCfg = Release|Any CPU
		{12DB6FE1-9BB4-4538-9F7B-C3113465BB64}.Release|Any CPU.Build.0 = Release|Any CPU
		{7513C08A-D12A-43C1-B5C0-EBC1B1A9FDB5}.Debug|Any CPU.ActiveCfg = Debug|Any CPU
		{7513C08A-D12A-43C1-B5C0-EBC1B1A9FDB5}.Debug|Any CPU.Build.0 = Debug|Any CPU
		{7513C08A-D12A-43C1-B5C0-EBC1B1A9FDB5}.Release|Any CPU.ActiveCfg = Release|Any CPU
		{7513C08A-D12A-43C1-B5C0-EBC1B1A9FDB5}.Release|Any CPU.Build.0 = Release|Any CPU
		{F6BDC77F-FB15-46A2-89B9-9E66E89DE62D}.Debug|Any CPU.ActiveCfg = Debug|Any CPU
		{F6BDC77F-FB15-46A2-89B9-9E66E89DE62D}.Debug|Any CPU.Build.0 = Debug|Any CPU
		{F6BDC77F-FB15-46A2-89B9-9E66E89DE62D}.Release|Any CPU.ActiveCfg = Release|Any CPU
		{F6BDC77F-FB15-46A2-89B9-9E66E89DE62D}.Release|Any CPU.Build.0 = Release|Any CPU
		{D0F1AFA9-AC1C-45A3-98D0-BF79866E9DCF}.Debug|Any CPU.ActiveCfg = Debug|Any CPU
		{D0F1AFA9-AC1C-45A3-98D0-BF79866E9DCF}.Debug|Any CPU.Build.0 = Debug|Any CPU
		{D0F1AFA9-AC1C-45A3-98D0-BF79866E9DCF}.Release|Any CPU.ActiveCfg = Release|Any CPU
		{D0F1AFA9-AC1C-45A3-98D0-BF79866E9DCF}.Release|Any CPU.Build.0 = Release|Any CPU
	EndGlobalSection
	GlobalSection(SolutionProperties) = preSolution
		HideSolutionNode = FALSE
	EndGlobalSection
	GlobalSection(NestedProjects) = preSolution
		{B86235CA-045F-4222-997C-A65E966C6F9B} = {806BC5DE-65B6-4202-8B64-28D4137EAA60}
		{FBFE96FF-9D88-48DB-80F2-C79840BFDFA2} = {806BC5DE-65B6-4202-8B64-28D4137EAA60}
		{92312C44-8881-41DD-8075-1284740FFF9F} = {806BC5DE-65B6-4202-8B64-28D4137EAA60}
		{F6BDC77F-FB15-46A2-89B9-9E66E89DE62D} = {806BC5DE-65B6-4202-8B64-28D4137EAA60}
		{43A7C61E-DD5B-4CC9-A05A-02C00789028F} = {963A6FE4-67D6-484D-AC34-A58F8ACD1265}
		{2CE31BAB-0046-43E0-B58E-585FF8646EF7} = {51EF7085-D82F-45FE-81EC-C604BFC5BB17}
		{436259FA-036B-466E-A670-F91507C34D0A} = {51EF7085-D82F-45FE-81EC-C604BFC5BB17}
		{43C70F9D-3747-43E3-A76B-8A8A0C2F15CC} = {51EF7085-D82F-45FE-81EC-C604BFC5BB17}
		{FA4A5350-AA62-4C2D-8DE4-200B2FF2D15F} = {51EF7085-D82F-45FE-81EC-C604BFC5BB17}
		{12DB6FE1-9BB4-4538-9F7B-C3113465BB64} = {51EF7085-D82F-45FE-81EC-C604BFC5BB17}
		{7513C08A-D12A-43C1-B5C0-EBC1B1A9FDB5} = {51EF7085-D82F-45FE-81EC-C604BFC5BB17}
		{D0F1AFA9-AC1C-45A3-98D0-BF79866E9DCF} = {EE6099F0-03E3-46B9-8F11-13891AEC23CB}
	EndGlobalSection
EndGlobal
