
Microsoft Visual Studio Solution File, Format Version 10.00
# Visual Studio 2008
Project("{FAE04EC0-301F-11D3-BF4B-00C04F79EFBC}") = "StorEvil.Core", "Core\StorEvil\StorEvil.Core.csproj", "{B86235CA-045F-4222-997C-A65E966C6F9B}"
EndProject
Project("{FAE04EC0-301F-11D3-BF4B-00C04F79EFBC}") = "StorEvil.Tests", "Tests\StorEvil.Tests\StorEvil.Tests.csproj", "{43A7C61E-DD5B-4CC9-A05A-02C00789028F}"
EndProject
Project("{FAE04EC0-301F-11D3-BF4B-00C04F79EFBC}") = "StorEvil.Resharper", "Core\StorEvil.Resharper\StorEvil.Resharper.csproj", "{F6BDC77F-FB15-46A2-89B9-9E66E89DE62D}"
EndProject
Project("{2150E333-8FDC-42A3-9474-1A3956D46DE8}") = "Core", "Core", "{806BC5DE-65B6-4202-8B64-28D4137EAA60}"
EndProject
Project("{2150E333-8FDC-42A3-9474-1A3956D46DE8}") = "Tests", "Tests", "{963A6FE4-67D6-484D-AC34-A58F8ACD1265}"
EndProject
Project("{FAE04EC0-301F-11D3-BF4B-00C04F79EFBC}") = "StorEvil", "Core\StorEvil.Console\StorEvil.csproj", "{FBFE96FF-9D88-48DB-80F2-C79840BFDFA2}"
EndProject
Project("{2150E333-8FDC-42A3-9474-1A3956D46DE8}") = "Misc", "Misc", "{5E256EA4-5E05-4735-9937-2B8B1A8DC6AF}"
	ProjectSection(SolutionItems) = preProject
		default.build = default.build
	EndProjectSection
EndProject
Project("{FAE04EC0-301F-11D3-BF4B-00C04F79EFBC}") = "ConwaysLife", "Examples\ConwaysLife\ConwaysLife.csproj", "{2CE31BAB-0046-43E0-B58E-585FF8646EF7}"
EndProject
Global
	GlobalSection(SolutionConfigurationPlatforms) = preSolution
		Debug|Any CPU = Debug|Any CPU
		Release|Any CPU = Release|Any CPU
	EndGlobalSection
	GlobalSection(ProjectConfigurationPlatforms) = postSolution
		{B86235CA-045F-4222-997C-A65E966C6F9B}.Debug|Any CPU.ActiveCfg = Debug|Any CPU
		{B86235CA-045F-4222-997C-A65E966C6F9B}.Debug|Any CPU.Build.0 = Debug|Any CPU
		{B86235CA-045F-4222-997C-A65E966C6F9B}.Release|Any CPU.ActiveCfg = Release|Any CPU
		{B86235CA-045F-4222-997C-A65E966C6F9B}.Release|Any CPU.Build.0 = Release|Any CPU
		{43A7C61E-DD5B-4CC9-A05A-02C00789028F}.Debug|Any CPU.ActiveCfg = Debug|Any CPU
		{43A7C61E-DD5B-4CC9-A05A-02C00789028F}.Debug|Any CPU.Build.0 = Debug|Any CPU
		{43A7C61E-DD5B-4CC9-A05A-02C00789028F}.Release|Any CPU.ActiveCfg = Release|Any CPU
		{43A7C61E-DD5B-4CC9-A05A-02C00789028F}.Release|Any CPU.Build.0 = Release|Any CPU
		{F6BDC77F-FB15-46A2-89B9-9E66E89DE62D}.Debug|Any CPU.ActiveCfg = Debug|Any CPU
		{F6BDC77F-FB15-46A2-89B9-9E66E89DE62D}.Debug|Any CPU.Build.0 = Debug|Any CPU
		{F6BDC77F-FB15-46A2-89B9-9E66E89DE62D}.Release|Any CPU.ActiveCfg = Release|Any CPU
		{F6BDC77F-FB15-46A2-89B9-9E66E89DE62D}.Release|Any CPU.Build.0 = Release|Any CPU
		{FBFE96FF-9D88-48DB-80F2-C79840BFDFA2}.Debug|Any CPU.ActiveCfg = Debug|Any CPU
		{FBFE96FF-9D88-48DB-80F2-C79840BFDFA2}.Debug|Any CPU.Build.0 = Debug|Any CPU
		{FBFE96FF-9D88-48DB-80F2-C79840BFDFA2}.Release|Any CPU.ActiveCfg = Release|Any CPU
		{FBFE96FF-9D88-48DB-80F2-C79840BFDFA2}.Release|Any CPU.Build.0 = Release|Any CPU
		{2CE31BAB-0046-43E0-B58E-585FF8646EF7}.Debug|Any CPU.ActiveCfg = Debug|Any CPU
		{2CE31BAB-0046-43E0-B58E-585FF8646EF7}.Debug|Any CPU.Build.0 = Debug|Any CPU
		{2CE31BAB-0046-43E0-B58E-585FF8646EF7}.Release|Any CPU.ActiveCfg = Release|Any CPU
		{2CE31BAB-0046-43E0-B58E-585FF8646EF7}.Release|Any CPU.Build.0 = Release|Any CPU
	EndGlobalSection
	GlobalSection(SolutionProperties) = preSolution
		HideSolutionNode = FALSE
	EndGlobalSection
	GlobalSection(NestedProjects) = preSolution
		{F6BDC77F-FB15-46A2-89B9-9E66E89DE62D} = {806BC5DE-65B6-4202-8B64-28D4137EAA60}
		{B86235CA-045F-4222-997C-A65E966C6F9B} = {806BC5DE-65B6-4202-8B64-28D4137EAA60}
		{FBFE96FF-9D88-48DB-80F2-C79840BFDFA2} = {806BC5DE-65B6-4202-8B64-28D4137EAA60}
		{43A7C61E-DD5B-4CC9-A05A-02C00789028F} = {963A6FE4-67D6-484D-AC34-A58F8ACD1265}
	EndGlobalSection
EndGlobal
